// !$*UTF8*$!
{
	archiveVersion = 1;
	classes = {
	};
	objectVersion = 46;
	objects = {

/* Begin PBXBuildFile section */
		492375C21EAE134E00397BF6 /* AppDelegate.swift in Sources */ = {isa = PBXBuildFile; fileRef = 492375C11EAE134E00397BF6 /* AppDelegate.swift */; };
		492375C41EAE134E00397BF6 /* ViewController.swift in Sources */ = {isa = PBXBuildFile; fileRef = 492375C31EAE134E00397BF6 /* ViewController.swift */; };
		492375C71EAE134E00397BF6 /* Main.storyboard in Resources */ = {isa = PBXBuildFile; fileRef = 492375C51EAE134E00397BF6 /* Main.storyboard */; };
		492375C91EAE134E00397BF6 /* Assets.xcassets in Resources */ = {isa = PBXBuildFile; fileRef = 492375C81EAE134E00397BF6 /* Assets.xcassets */; };
		492375CC1EAE134E00397BF6 /* LaunchScreen.storyboard in Resources */ = {isa = PBXBuildFile; fileRef = 492375CA1EAE134E00397BF6 /* LaunchScreen.storyboard */; };
		492375D71EAE134F00397BF6 /* demoTests.swift in Sources */ = {isa = PBXBuildFile; fileRef = 492375D61EAE134F00397BF6 /* demoTests.swift */; };
		492375E21EAE134F00397BF6 /* demoUITests.swift in Sources */ = {isa = PBXBuildFile; fileRef = 492375E11EAE134F00397BF6 /* demoUITests.swift */; };
/* End PBXBuildFile section */

/* Begin PBXContainerItemProxy section */
		492375D31EAE134E00397BF6 /* PBXContainerItemProxy */ = {
			isa = PBXContainerItemProxy;
			containerPortal = 492375B61EAE134E00397BF6 /* Project object */;
			proxyType = 1;
			remoteGlobalIDString = 492375BD1EAE134E00397BF6;
			remoteInfo = demo;
		};
		492375DE1EAE134F00397BF6 /* PBXContainerItemProxy */ = {
			isa = PBXContainerItemProxy;
			containerPortal = 492375B61EAE134E00397BF6 /* Project object */;
			proxyType = 1;
			remoteGlobalIDString = 492375BD1EAE134E00397BF6;
			remoteInfo = demo;
		};
/* End PBXContainerItemProxy section */

/* Begin PBXFileReference section */
		492375BE1EAE134E00397BF6 /* demo.app */ = {isa = PBXFileReference; explicitFileType = wrapper.application; includeInIndex = 0; path = demo.app; sourceTree = BUILT_PRODUCTS_DIR; };
		492375C11EAE134E00397BF6 /* AppDelegate.swift */ = {isa = PBXFileReference; lastKnownFileType = sourcecode.swift; path = AppDelegate.swift; sourceTree = "<group>"; };
		492375C31EAE134E00397BF6 /* ViewController.swift */ = {isa = PBXFileReference; lastKnownFileType = sourcecode.swift; path = ViewController.swift; sourceTree = "<group>"; };
		492375C61EAE134E00397BF6 /* Base */ = {isa = PBXFileReference; lastKnownFileType = file.storyboard; name = Base; path = Base.lproj/Main.storyboard; sourceTree = "<group>"; };
		492375C81EAE134E00397BF6 /* Assets.xcassets */ = {isa = PBXFileReference; lastKnownFileType = folder.assetcatalog; path = Assets.xcassets; sourceTree = "<group>"; };
		492375CB1EAE134E00397BF6 /* Base */ = {isa = PBXFileReference; lastKnownFileType = file.storyboard; name = Base; path = Base.lproj/LaunchScreen.storyboard; sourceTree = "<group>"; };
		492375CD1EAE134E00397BF6 /* Info.plist */ = {isa = PBXFileReference; lastKnownFileType = text.plist.xml; path = Info.plist; sourceTree = "<group>"; };
		492375D21EAE134E00397BF6 /* demoTests.xctest */ = {isa = PBXFileReference; explicitFileType = wrapper.cfbundle; includeInIndex = 0; path = demoTests.xctest; sourceTree = BUILT_PRODUCTS_DIR; };
		492375D61EAE134F00397BF6 /* demoTests.swift */ = {isa = PBXFileReference; lastKnownFileType = sourcecode.swift; path = demoTests.swift; sourceTree = "<group>"; };
		492375D81EAE134F00397BF6 /* Info.plist */ = {isa = PBXFileReference; lastKnownFileType = text.plist.xml; path = Info.plist; sourceTree = "<group>"; };
		492375DD1EAE134F00397BF6 /* demoUITests.xctest */ = {isa = PBXFileReference; explicitFileType = wrapper.cfbundle; includeInIndex = 0; path = demoUITests.xctest; sourceTree = BUILT_PRODUCTS_DIR; };
		492375E11EAE134F00397BF6 /* demoUITests.swift */ = {isa = PBXFileReference; lastKnownFileType = sourcecode.swift; path = demoUITests.swift; sourceTree = "<group>"; };
		492375E31EAE134F00397BF6 /* Info.plist */ = {isa = PBXFileReference; lastKnownFileType = text.plist.xml; path = Info.plist; sourceTree = "<group>"; };
/* End PBXFileReference section */

/* Begin PBXFrameworksBuildPhase section */
		492375BB1EAE134E00397BF6 /* Frameworks */ = {
			isa = PBXFrameworksBuildPhase;
			buildActionMask = 2147483647;
			files = (
			);
			runOnlyForDeploymentPostprocessing = 0;
		};
		492375CF1EAE134E00397BF6 /* Frameworks */ = {
			isa = PBXFrameworksBuildPhase;
			buildActionMask = 2147483647;
			files = (
			);
			runOnlyForDeploymentPostprocessing = 0;
		};
		492375DA1EAE134F00397BF6 /* Frameworks */ = {
			isa = PBXFrameworksBuildPhase;
			buildActionMask = 2147483647;
			files = (
			);
			runOnlyForDeploymentPostprocessing = 0;
		};
/* End PBXFrameworksBuildPhase section */

/* Begin PBXGroup section */
		492375B51EAE134E00397BF6 = {
			isa = PBXGroup;
			children = (
				492375C01EAE134E00397BF6 /* demo */,
				492375D51EAE134F00397BF6 /* demoTests */,
				492375E01EAE134F00397BF6 /* demoUITests */,
				492375BF1EAE134E00397BF6 /* Products */,
			);
			sourceTree = "<group>";
		};
		492375BF1EAE134E00397BF6 /* Products */ = {
			isa = PBXGroup;
			children = (
				492375BE1EAE134E00397BF6 /* demo.app */,
				492375D21EAE134E00397BF6 /* demoTests.xctest */,
				492375DD1EAE134F00397BF6 /* demoUITests.xctest */,
			);
			name = Products;
			sourceTree = "<group>";
		};
		492375C01EAE134E00397BF6 /* demo */ = {
			isa = PBXGroup;
			children = (
				492375C11EAE134E00397BF6 /* AppDelegate.swift */,
				492375C31EAE134E00397BF6 /* ViewController.swift */,
				492375C51EAE134E00397BF6 /* Main.storyboard */,
				492375C81EAE134E00397BF6 /* Assets.xcassets */,
				492375CA1EAE134E00397BF6 /* LaunchScreen.storyboard */,
				492375CD1EAE134E00397BF6 /* Info.plist */,
			);
			path = demo;
			sourceTree = "<group>";
		};
		492375D51EAE134F00397BF6 /* demoTests */ = {
			isa = PBXGroup;
			children = (
				492375D61EAE134F00397BF6 /* demoTests.swift */,
				492375D81EAE134F00397BF6 /* Info.plist */,
			);
			path = demoTests;
			sourceTree = "<group>";
		};
		492375E01EAE134F00397BF6 /* demoUITests */ = {
			isa = PBXGroup;
			children = (
				492375E11EAE134F00397BF6 /* demoUITests.swift */,
				492375E31EAE134F00397BF6 /* Info.plist */,
			);
			path = demoUITests;
			sourceTree = "<group>";
		};
/* End PBXGroup section */

/* Begin PBXNativeTarget section */
		492375BD1EAE134E00397BF6 /* demo */ = {
			isa = PBXNativeTarget;
			buildConfigurationList = 492375E61EAE134F00397BF6 /* Build configuration list for PBXNativeTarget "demo" */;
			buildPhases = (
				492375BA1EAE134E00397BF6 /* Sources */,
				492375BB1EAE134E00397BF6 /* Frameworks */,
				492375BC1EAE134E00397BF6 /* Resources */,
			);
			buildRules = (
			);
			dependencies = (
			);
			name = demo;
			productName = demo;
			productReference = 492375BE1EAE134E00397BF6 /* demo.app */;
			productType = "com.apple.product-type.application";
		};
		492375D11EAE134E00397BF6 /* demoTests */ = {
			isa = PBXNativeTarget;
			buildConfigurationList = 492375E91EAE134F00397BF6 /* Build configuration list for PBXNativeTarget "demoTests" */;
			buildPhases = (
				492375CE1EAE134E00397BF6 /* Sources */,
				492375CF1EAE134E00397BF6 /* Frameworks */,
				492375D01EAE134E00397BF6 /* Resources */,
			);
			buildRules = (
			);
			dependencies = (
				492375D41EAE134E00397BF6 /* PBXTargetDependency */,
			);
			name = demoTests;
			productName = demoTests;
			productReference = 492375D21EAE134E00397BF6 /* demoTests.xctest */;
			productType = "com.apple.product-type.bundle.unit-test";
		};
		492375DC1EAE134F00397BF6 /* demoUITests */ = {
			isa = PBXNativeTarget;
			buildConfigurationList = 492375EC1EAE134F00397BF6 /* Build configuration list for PBXNativeTarget "demoUITests" */;
			buildPhases = (
				492375D91EAE134F00397BF6 /* Sources */,
				492375DA1EAE134F00397BF6 /* Frameworks */,
				492375DB1EAE134F00397BF6 /* Resources */,
			);
			buildRules = (
			);
			dependencies = (
				492375DF1EAE134F00397BF6 /* PBXTargetDependency */,
			);
			name = demoUITests;
			productName = demoUITests;
			productReference = 492375DD1EAE134F00397BF6 /* demoUITests.xctest */;
			productType = "com.apple.product-type.bundle.ui-testing";
		};
/* End PBXNativeTarget section */

/* Begin PBXProject section */
		492375B61EAE134E00397BF6 /* Project object */ = {
			isa = PBXProject;
			attributes = {
				LastSwiftUpdateCheck = 0830;
				LastUpgradeCheck = 0830;
				ORGANIZATIONNAME = "王君傑";
				TargetAttributes = {
					492375BD1EAE134E00397BF6 = {
						CreatedOnToolsVersion = 8.3.2;
						DevelopmentTeam = 59D54VPXA8;
						ProvisioningStyle = Automatic;
					};
					492375D11EAE134E00397BF6 = {
						CreatedOnToolsVersion = 8.3.2;
						ProvisioningStyle = Automatic;
						TestTargetID = 492375BD1EAE134E00397BF6;
					};
					492375DC1EAE134F00397BF6 = {
						CreatedOnToolsVersion = 8.3.2;
						ProvisioningStyle = Automatic;
						TestTargetID = 492375BD1EAE134E00397BF6;
					};
				};
			};
			buildConfigurationList = 492375B91EAE134E00397BF6 /* Build configuration list for PBXProject "demo" */;
			compatibilityVersion = "Xcode 3.2";
			developmentRegion = English;
			hasScannedForEncodings = 0;
			knownRegions = (
				en,
				Base,
			);
			mainGroup = 492375B51EAE134E00397BF6;
			productRefGroup = 492375BF1EAE134E00397BF6 /* Products */;
			projectDirPath = "";
			projectRoot = "";
			targets = (
				492375BD1EAE134E00397BF6 /* demo */,
				492375D11EAE134E00397BF6 /* demoTests */,
				492375DC1EAE134F00397BF6 /* demoUITests */,
			);
		};
/* End PBXProject section */

/* Begin PBXResourcesBuildPhase section */
		492375BC1EAE134E00397BF6 /* Resources */ = {
			isa = PBXResourcesBuildPhase;
			buildActionMask = 2147483647;
			files = (
				492375CC1EAE134E00397BF6 /* LaunchScreen.storyboard in Resources */,
				492375C91EAE134E00397BF6 /* Assets.xcassets in Resources */,
				492375C71EAE134E00397BF6 /* Main.storyboard in Resources */,
			);
			runOnlyForDeploymentPostprocessing = 0;
		};
		492375D01EAE134E00397BF6 /* Resources */ = {
			isa = PBXResourcesBuildPhase;
			buildActionMask = 2147483647;
			files = (
			);
			runOnlyForDeploymentPostprocessing = 0;
		};
		492375DB1EAE134F00397BF6 /* Resources */ = {
			isa = PBXResourcesBuildPhase;
			buildActionMask = 2147483647;
			files = (
			);
			runOnlyForDeploymentPostprocessing = 0;
		};
/* End PBXResourcesBuildPhase section */

/* Begin PBXSourcesBuildPhase section */
		492375BA1EAE134E00397BF6 /* Sources */ = {
			isa = PBXSourcesBuildPhase;
			buildActionMask = 2147483647;
			files = (
				492375C41EAE134E00397BF6 /* ViewController.swift in Sources */,
				492375C21EAE134E00397BF6 /* AppDelegate.swift in Sources */,
			);
			runOnlyForDeploymentPostprocessing = 0;
		};
		492375CE1EAE134E00397BF6 /* Sources */ = {
			isa = PBXSourcesBuildPhase;
			buildActionMask = 2147483647;
			files = (
				492375D71EAE134F00397BF6 /* demoTests.swift in Sources */,
			);
			runOnlyForDeploymentPostprocessing = 0;
		};
		492375D91EAE134F00397BF6 /* Sources */ = {
			isa = PBXSourcesBuildPhase;
			buildActionMask = 2147483647;
			files = (
				492375E21EAE134F00397BF6 /* demoUITests.swift in Sources */,
			);
			runOnlyForDeploymentPostprocessing = 0;
		};
/* End PBXSourcesBuildPhase section */

/* Begin PBXTargetDependency section */
		492375D41EAE134E00397BF6 /* PBXTargetDependency */ = {
			isa = PBXTargetDependency;
			target = 492375BD1EAE134E00397BF6 /* demo */;
			targetProxy = 492375D31EAE134E00397BF6 /* PBXContainerItemProxy */;
		};
		492375DF1EAE134F00397BF6 /* PBXTargetDependency */ = {
			isa = PBXTargetDependency;
			target = 492375BD1EAE134E00397BF6 /* demo */;
			targetProxy = 492375DE1EAE134F00397BF6 /* PBXContainerItemProxy */;
		};
/* End PBXTargetDependency section */

/* Begin PBXVariantGroup section */
		492375C51EAE134E00397BF6 /* Main.storyboard */ = {
			isa = PBXVariantGroup;
			children = (
				492375C61EAE134E00397BF6 /* Base */,
			);
			name = Main.storyboard;
			sourceTree = "<group>";
		};
		492375CA1EAE134E00397BF6 /* LaunchScreen.storyboard */ = {
			isa = PBXVariantGroup;
			children = (
				492375CB1EAE134E00397BF6 /* Base */,
			);
			name = LaunchScreen.storyboard;
			sourceTree = "<group>";
		};
/* End PBXVariantGroup section */

/* Begin XCBuildConfiguration section */
		492375E41EAE134F00397BF6 /* Debug */ = {
			isa = XCBuildConfiguration;
			buildSettings = {
				ALWAYS_SEARCH_USER_PATHS = NO;
				CLANG_ANALYZER_NONNULL = YES;
				CLANG_ANALYZER_NUMBER_OBJECT_CONVERSION = YES_AGGRESSIVE;
				CLANG_CXX_LANGUAGE_STANDARD = "gnu++0x";
				CLANG_CXX_LIBRARY = "libc++";
				CLANG_ENABLE_MODULES = YES;
				CLANG_ENABLE_OBJC_ARC = YES;
				CLANG_WARN_BOOL_CONVERSION = YES;
				CLANG_WARN_CONSTANT_CONVERSION = YES;
				CLANG_WARN_DIRECT_OBJC_ISA_USAGE = YES_ERROR;
				CLANG_WARN_DOCUMENTATION_COMMENTS = YES;
				CLANG_WARN_EMPTY_BODY = YES;
				CLANG_WARN_ENUM_CONVERSION = YES;
				CLANG_WARN_INFINITE_RECURSION = YES;
				CLANG_WARN_INT_CONVERSION = YES;
				CLANG_WARN_OBJC_ROOT_CLASS = YES_ERROR;
				CLANG_WARN_SUSPICIOUS_MOVE = YES;
				CLANG_WARN_UNREACHABLE_CODE = YES;
				CLANG_WARN__DUPLICATE_METHOD_MATCH = YES;
				"CODE_SIGN_IDENTITY[sdk=iphoneos*]" = "iPhone Developer";
				COPY_PHASE_STRIP = NO;
				DEBUG_INFORMATION_FORMAT = dwarf;
				ENABLE_STRICT_OBJC_MSGSEND = YES;
				ENABLE_TESTABILITY = YES;
				GCC_C_LANGUAGE_STANDARD = gnu99;
				GCC_DYNAMIC_NO_PIC = NO;
				GCC_NO_COMMON_BLOCKS = YES;
				GCC_OPTIMIZATION_LEVEL = 0;
				GCC_PREPROCESSOR_DEFINITIONS = (
					"DEBUG=1",
					"$(inherited)",
				);
				GCC_WARN_64_TO_32_BIT_CONVERSION = YES;
				GCC_WARN_ABOUT_RETURN_TYPE = YES_ERROR;
				GCC_WARN_UNDECLARED_SELECTOR = YES;
				GCC_WARN_UNINITIALIZED_AUTOS = YES_AGGRESSIVE;
				GCC_WARN_UNUSED_FUNCTION = YES;
				GCC_WARN_UNUSED_VARIABLE = YES;
				IPHONEOS_DEPLOYMENT_TARGET = 10.3;
				MTL_ENABLE_DEBUG_INFO = YES;
				ONLY_ACTIVE_ARCH = YES;
				SDKROOT = iphoneos;
				SWIFT_ACTIVE_COMPILATION_CONDITIONS = DEBUG;
				SWIFT_OPTIMIZATION_LEVEL = "-Onone";
				TARGETED_DEVICE_FAMILY = "1,2";
			};
			name = Debug;
		};
		492375E51EAE134F00397BF6 /* Release */ = {
			isa = XCBuildConfiguration;
			buildSettings = {
				ALWAYS_SEARCH_USER_PATHS = NO;
				CLANG_ANALYZER_NONNULL = YES;
				CLANG_ANALYZER_NUMBER_OBJECT_CONVERSION = YES_AGGRESSIVE;
				CLANG_CXX_LANGUAGE_STANDARD = "gnu++0x";
				CLANG_CXX_LIBRARY = "libc++";
				CLANG_ENABLE_MODULES = YES;
				CLANG_ENABLE_OBJC_ARC = YES;
				CLANG_WARN_BOOL_CONVERSION = YES;
				CLANG_WARN_CONSTANT_CONVERSION = YES;
				CLANG_WARN_DIRECT_OBJC_ISA_USAGE = YES_ERROR;
				CLANG_WARN_DOCUMENTATION_COMMENTS = YES;
				CLANG_WARN_EMPTY_BODY = YES;
				CLANG_WARN_ENUM_CONVERSION = YES;
				CLANG_WARN_INFINITE_RECURSION = YES;
				CLANG_WARN_INT_CONVERSION = YES;
				CLANG_WARN_OBJC_ROOT_CLASS = YES_ERROR;
				CLANG_WARN_SUSPICIOUS_MOVE = YES;
				CLANG_WARN_UNREACHABLE_CODE = YES;
				CLANG_WARN__DUPLICATE_METHOD_MATCH = YES;
				"CODE_SIGN_IDENTITY[sdk=iphoneos*]" = "iPhone Developer";
				COPY_PHASE_STRIP = NO;
				DEBUG_INFORMATION_FORMAT = "dwarf-with-dsym";
				ENABLE_NS_ASSERTIONS = NO;
				ENABLE_STRICT_OBJC_MSGSEND = YES;
				GCC_C_LANGUAGE_STANDARD = gnu99;
				GCC_NO_COMMON_BLOCKS = YES;
				GCC_WARN_64_TO_32_BIT_CONVERSION = YES;
				GCC_WARN_ABOUT_RETURN_TYPE = YES_ERROR;
				GCC_WARN_UNDECLARED_SELECTOR = YES;
				GCC_WARN_UNINITIALIZED_AUTOS = YES_AGGRESSIVE;
				GCC_WARN_UNUSED_FUNCTION = YES;
				GCC_WARN_UNUSED_VARIABLE = YES;
				IPHONEOS_DEPLOYMENT_TARGET = 10.3;
				MTL_ENABLE_DEBUG_INFO = NO;
				SDKROOT = iphoneos;
				SWIFT_OPTIMIZATION_LEVEL = "-Owholemodule";
				TARGETED_DEVICE_FAMILY = "1,2";
				VALIDATE_PRODUCT = YES;
			};
			name = Release;
		};
		492375E71EAE134F00397BF6 /* Debug */ = {
			isa = XCBuildConfiguration;
			buildSettings = {
				ASSETCATALOG_COMPILER_APPICON_NAME = AppIcon;
				DEVELOPMENT_TEAM = 59D54VPXA8;
				INFOPLIST_FILE = demo/Info.plist;
				IPHONEOS_DEPLOYMENT_TARGET = 10.2;
				LD_RUNPATH_SEARCH_PATHS = "$(inherited) @executable_path/Frameworks";
				PRODUCT_BUNDLE_IDENTIFIER = com.alex.demo;
				PRODUCT_NAME = "$(TARGET_NAME)";
				SWIFT_VERSION = 3.0;
				TARGETED_DEVICE_FAMILY = 1;
			};
			name = Debug;
		};
		492375E81EAE134F00397BF6 /* Release */ = {
			isa = XCBuildConfiguration;
			buildSettings = {
				ASSETCATALOG_COMPILER_APPICON_NAME = AppIcon;
				DEVELOPMENT_TEAM = 59D54VPXA8;
				INFOPLIST_FILE = demo/Info.plist;
				IPHONEOS_DEPLOYMENT_TARGET = 10.2;
				LD_RUNPATH_SEARCH_PATHS = "$(inherited) @executable_path/Frameworks";
				PRODUCT_BUNDLE_IDENTIFIER = com.alex.demo;
				PRODUCT_NAME = "$(TARGET_NAME)";
				SWIFT_VERSION = 3.0;
				TARGETED_DEVICE_FAMILY = 1;
			};
			name = Release;
		};
		492375EA1EAE134F00397BF6 /* Debug */ = {
			isa = XCBuildConfiguration;
			buildSettings = {
				ALWAYS_EMBED_SWIFT_STANDARD_LIBRARIES = YES;
				BUNDLE_LOADER = "$(TEST_HOST)";
				INFOPLIST_FILE = demoTests/Info.plist;
				LD_RUNPATH_SEARCH_PATHS = "$(inherited) @executable_path/Frameworks @loader_path/Frameworks";
				PRODUCT_BUNDLE_IDENTIFIER = com.alex.demoTests;
				PRODUCT_NAME = "$(TARGET_NAME)";
				SWIFT_VERSION = 3.0;
				TEST_HOST = "$(BUILT_PRODUCTS_DIR)/demo.app/demo";
			};
			name = Debug;
		};
		492375EB1EAE134F00397BF6 /* Release */ = {
			isa = XCBuildConfiguration;
			buildSettings = {
				ALWAYS_EMBED_SWIFT_STANDARD_LIBRARIES = YES;
				BUNDLE_LOADER = "$(TEST_HOST)";
				INFOPLIST_FILE = demoTests/Info.plist;
				LD_RUNPATH_SEARCH_PATHS = "$(inherited) @executable_path/Frameworks @loader_path/Frameworks";
				PRODUCT_BUNDLE_IDENTIFIER = com.alex.demoTests;
				PRODUCT_NAME = "$(TARGET_NAME)";
				SWIFT_VERSION = 3.0;
				TEST_HOST = "$(BUILT_PRODUCTS_DIR)/demo.app/demo";
			};
			name = Release;
		};
		492375ED1EAE134F00397BF6 /* Debug */ = {
			isa = XCBuildConfiguration;
			buildSettings = {
				ALWAYS_EMBED_SWIFT_STANDARD_LIBRARIES = YES;
				INFOPLIST_FILE = demoUITests/Info.plist;
				LD_RUNPATH_SEARCH_PATHS = "$(inherited) @executable_path/Frameworks @loader_path/Frameworks";
				PRODUCT_BUNDLE_IDENTIFIER = com.alex.demoUITests;
				PRODUCT_NAME = "$(TARGET_NAME)";
				SWIFT_VERSION = 3.0;
				TEST_TARGET_NAME = demo;
			};
			name = Debug;
		};
		492375EE1EAE134F00397BF6 /* Release */ = {
			isa = XCBuildConfiguration;
			buildSettings = {
				ALWAYS_EMBED_SWIFT_STANDARD_LIBRARIES = YES;
				INFOPLIST_FILE = demoUITests/Info.plist;
				LD_RUNPATH_SEARCH_PATHS = "$(inherited) @executable_path/Frameworks @loader_path/Frameworks";
				PRODUCT_BUNDLE_IDENTIFIER = com.alex.demoUITests;
				PRODUCT_NAME = "$(TARGET_NAME)";
				SWIFT_VERSION = 3.0;
				TEST_TARGET_NAME = demo;
			};
			name = Release;
		};
/* End XCBuildConfiguration section */

/* Begin XCConfigurationList section */
		492375B91EAE134E00397BF6 /* Build configuration list for PBXProject "demo" */ = {
			isa = XCConfigurationList;
			buildConfigurations = (
				492375E41EAE134F00397BF6 /* Debug */,
				492375E51EAE134F00397BF6 /* Release */,
			);
			defaultConfigurationIsVisible = 0;
			defaultConfigurationName = Release;
		};
		492375E61EAE134F00397BF6 /* Build configuration list for PBXNativeTarget "demo" */ = {
			isa = XCConfigurationList;
			buildConfigurations = (
				492375E71EAE134F00397BF6 /* Debug */,
				492375E81EAE134F00397BF6 /* Release */,
			);
			defaultConfigurationIsVisible = 0;
			defaultConfigurationName = Release;
		};
		492375E91EAE134F00397BF6 /* Build configuration list for PBXNativeTarget "demoTests" */ = {
			isa = XCConfigurationList;
			buildConfigurations = (
				492375EA1EAE134F00397BF6 /* Debug */,
				492375EB1EAE134F00397BF6 /* Release */,
			);
			defaultConfigurationIsVisible = 0;
			defaultConfigurationName = Release;
		};
		492375EC1EAE134F00397BF6 /* Build configuration list for PBXNativeTarget "demoUITests" */ = {
			isa = XCConfigurationList;
			buildConfigurations = (
				492375ED1EAE134F00397BF6 /* Debug */,
				492375EE1EAE134F00397BF6 /* Release */,
			);
			defaultConfigurationIsVisible = 0;
			defaultConfigurationName = Release;
		};
/* End XCConfigurationList section */
	};
	rootObject = 492375B61EAE134E00397BF6 /* Project object */;
}
